
Microsoft Visual Studio Solution File, Format Version 12.00
# Visual Studio Version 17
VisualStudioVersion = 17.9.34728.123
MinimumVisualStudioVersion = 10.0.40219.1
Project("{9092AA53-FB77-4645-B42D-1CCCA6BD08BD}") = "NodejsConsoleApp5", "NodejsConsoleApp5\NodejsConsoleApp5.njsproj", "{94BC1152-FA54-4714-A5A5-866CCC0C051B}"
EndProject
Global
	GlobalSection(SolutionConfigurationPlatforms) = preSolution
		Debug|Any CPU = Debug|Any CPU
		Release|Any CPU = Release|Any CPU
	EndGlobalSection
	GlobalSection(ProjectConfigurationPlatforms) = postSolution
		{94BC1152-FA54-4714-A5A5-866CCC0C051B}.Debug|Any CPU.ActiveCfg = Debug|Any CPU
		{94BC1152-FA54-4714-A5A5-866CCC0C051B}.Debug|Any CPU.Build.0 = Debug|Any CPU
		{94BC1152-FA54-4714-A5A5-866CCC0C051B}.Release|Any CPU.ActiveCfg = Release|Any CPU
		{94BC1152-FA54-4714-A5A5-866CCC0C051B}.Release|Any CPU.Build.0 = Release|Any CPU
	EndGlobalSection
	GlobalSection(SolutionProperties) = preSolution
		HideSolutionNode = FALSE
	EndGlobalSection
	GlobalSection(ExtensibilityGlobals) = postSolution
		SolutionGuid = {A98991DF-CCCF-4F65-AF7C-2D9528446746}
	EndGlobalSection
EndGlobal
